
Microsoft Visual Studio Solution File, Format Version 12.00
# Visual Studio Version 17
VisualStudioVersion = 17.13.35731.43
MinimumVisualStudioVersion = 10.0.40219.1
Project("{FAE04EC0-301F-11D3-BF4B-00C04F79EFBC}") = "OOP", "oop\OOP.csproj", "{15D45D81-BE0A-4556-8F3B-EE0420178CFB}"
EndProject
Project("{FAE04EC0-301F-11D3-BF4B-00C04F79EFBC}") = "Thread_Task", "Thread_Task\Thread_Task.csproj", "{5A7D42B4-0FE8-44B6-BF75-E9A1294E7BD8}"
EndProject
Project("{FAE04EC0-301F-11D3-BF4B-00C04F79EFBC}") = "OOP2", "OOP2\OOP2.csproj", "{61CB6846-5AB5-43E7-B826-2160976CFE07}"
EndProject
Project("{FAE04EC0-301F-11D3-BF4B-00C04F79EFBC}") = "Hello_Wpf", "Hello_Wpf\Hello_Wpf.csproj", "{774A6020-3A54-4D94-901D-C0A119220E0B}"
EndProject
Project("{FAE04EC0-301F-11D3-BF4B-00C04F79EFBC}") = "Hello_WinForm", "Hello_WinForm\Hello_WinForm.csproj", "{2D687289-D191-49CF-96AF-563F1223A988}"
EndProject
Project("{FAE04EC0-301F-11D3-BF4B-00C04F79EFBC}") = "WinForm_Task_example", "WinForm_Task_example\WinForm_Task_example.csproj", "{C7660011-4D3B-48B3-A732-E63F2CDE5EC3}"
EndProject
Global
	GlobalSection(SolutionConfigurationPlatforms) = preSolution
		Debug|Any CPU = Debug|Any CPU
		Release|Any CPU = Release|Any CPU
	EndGlobalSection
	GlobalSection(ProjectConfigurationPlatforms) = postSolution
		{15D45D81-BE0A-4556-8F3B-EE0420178CFB}.Debug|Any CPU.ActiveCfg = Debug|Any CPU
		{15D45D81-BE0A-4556-8F3B-EE0420178CFB}.Debug|Any CPU.Build.0 = Debug|Any CPU
		{15D45D81-BE0A-4556-8F3B-EE0420178CFB}.Release|Any CPU.ActiveCfg = Release|Any CPU
		{15D45D81-BE0A-4556-8F3B-EE0420178CFB}.Release|Any CPU.Build.0 = Release|Any CPU
		{5A7D42B4-0FE8-44B6-BF75-E9A1294E7BD8}.Debug|Any CPU.ActiveCfg = Debug|Any CPU
		{5A7D42B4-0FE8-44B6-BF75-E9A1294E7BD8}.Debug|Any CPU.Build.0 = Debug|Any CPU
		{5A7D42B4-0FE8-44B6-BF75-E9A1294E7BD8}.Release|Any CPU.ActiveCfg = Release|Any CPU
		{5A7D42B4-0FE8-44B6-BF75-E9A1294E7BD8}.Release|Any CPU.Build.0 = Release|Any CPU
		{61CB6846-5AB5-43E7-B826-2160976CFE07}.Debug|Any CPU.ActiveCfg = Debug|Any CPU
		{61CB6846-5AB5-43E7-B826-2160976CFE07}.Debug|Any CPU.Build.0 = Debug|Any CPU
		{61CB6846-5AB5-43E7-B826-2160976CFE07}.Release|Any CPU.ActiveCfg = Release|Any CPU
		{61CB6846-5AB5-43E7-B826-2160976CFE07}.Release|Any CPU.Build.0 = Release|Any CPU
		{774A6020-3A54-4D94-901D-C0A119220E0B}.Debug|Any CPU.ActiveCfg = Debug|Any CPU
		{774A6020-3A54-4D94-901D-C0A119220E0B}.Debug|Any CPU.Build.0 = Debug|Any CPU
		{774A6020-3A54-4D94-901D-C0A119220E0B}.Release|Any CPU.ActiveCfg = Release|Any CPU
		{774A6020-3A54-4D94-901D-C0A119220E0B}.Release|Any CPU.Build.0 = Release|Any CPU
		{2D687289-D191-49CF-96AF-563F1223A988}.Debug|Any CPU.ActiveCfg = Debug|Any CPU
		{2D687289-D191-49CF-96AF-563F1223A988}.Debug|Any CPU.Build.0 = Debug|Any CPU
		{2D687289-D191-49CF-96AF-563F1223A988}.Release|Any CPU.ActiveCfg = Release|Any CPU
		{2D687289-D191-49CF-96AF-563F1223A988}.Release|Any CPU.Build.0 = Release|Any CPU
		{C7660011-4D3B-48B3-A732-E63F2CDE5EC3}.Debug|Any CPU.ActiveCfg = Debug|Any CPU
		{C7660011-4D3B-48B3-A732-E63F2CDE5EC3}.Debug|Any CPU.Build.0 = Debug|Any CPU
		{C7660011-4D3B-48B3-A732-E63F2CDE5EC3}.Release|Any CPU.ActiveCfg = Release|Any CPU
		{C7660011-4D3B-48B3-A732-E63F2CDE5EC3}.Release|Any CPU.Build.0 = Release|Any CPU
	EndGlobalSection
	GlobalSection(SolutionProperties) = preSolution
		HideSolutionNode = FALSE
	EndGlobalSection
	GlobalSection(ExtensibilityGlobals) = postSolution
		SolutionGuid = {4CB647C2-5673-4DAA-BAAA-7C9C6314914A}
	EndGlobalSection
EndGlobal
